
Microsoft Visual Studio Solution File, Format Version 12.00
# Visual Studio Version 17
VisualStudioVersion = 17.1.32421.90
MinimumVisualStudioVersion = 10.0.40219.1
Project("{FAE04EC0-301F-11D3-BF4B-00C04F79EFBC}") = "Freelanser", "Freelanser.csproj", "{AA015FC0-132C-4BD3-A6EA-7F00B2D255FC}"
EndProject
Project("{FAE04EC0-301F-11D3-BF4B-00C04F79EFBC}") = "DLL", "..\DLL\DLL.csproj", "{8BC1784E-B067-491F-87F1-EA5B73C96D8C}"
EndProject
Project("{FAE04EC0-301F-11D3-BF4B-00C04F79EFBC}") = "BLL", "..\BLL\BLL.csproj", "{0037EB57-AA9B-469A-AB7A-08B59472F8EB}"
EndProject
Project("{FAE04EC0-301F-11D3-BF4B-00C04F79EFBC}") = "Domain", "..\Domain\Domain.csproj", "{588D6F42-2FBF-4C66-AB2C-8AABDF99FF56}"
EndProject
Global
	GlobalSection(SolutionConfigurationPlatforms) = preSolution
		Debug|Any CPU = Debug|Any CPU
		Release|Any CPU = Release|Any CPU
	EndGlobalSection
	GlobalSection(ProjectConfigurationPlatforms) = postSolution
		{AA015FC0-132C-4BD3-A6EA-7F00B2D255FC}.Debug|Any CPU.ActiveCfg = Debug|Any CPU
		{AA015FC0-132C-4BD3-A6EA-7F00B2D255FC}.Debug|Any CPU.Build.0 = Debug|Any CPU
		{AA015FC0-132C-4BD3-A6EA-7F00B2D255FC}.Release|Any CPU.ActiveCfg = Release|Any CPU
		{AA015FC0-132C-4BD3-A6EA-7F00B2D255FC}.Release|Any CPU.Build.0 = Release|Any CPU
		{8BC1784E-B067-491F-87F1-EA5B73C96D8C}.Debug|Any CPU.ActiveCfg = Debug|Any CPU
		{8BC1784E-B067-491F-87F1-EA5B73C96D8C}.Debug|Any CPU.Build.0 = Debug|Any CPU
		{8BC1784E-B067-491F-87F1-EA5B73C96D8C}.Release|Any CPU.ActiveCfg = Release|Any CPU
		{8BC1784E-B067-491F-87F1-EA5B73C96D8C}.Release|Any CPU.Build.0 = Release|Any CPU
		{0037EB57-AA9B-469A-AB7A-08B59472F8EB}.Debug|Any CPU.ActiveCfg = Debug|Any CPU
		{0037EB57-AA9B-469A-AB7A-08B59472F8EB}.Debug|Any CPU.Build.0 = Debug|Any CPU
		{0037EB57-AA9B-469A-AB7A-08B59472F8EB}.Release|Any CPU.ActiveCfg = Release|Any CPU
		{0037EB57-AA9B-469A-AB7A-08B59472F8EB}.Release|Any CPU.Build.0 = Release|Any CPU
		{588D6F42-2FBF-4C66-AB2C-8AABDF99FF56}.Debug|Any CPU.ActiveCfg = Debug|Any CPU
		{588D6F42-2FBF-4C66-AB2C-8AABDF99FF56}.Debug|Any CPU.Build.0 = Debug|Any CPU
		{588D6F42-2FBF-4C66-AB2C-8AABDF99FF56}.Release|Any CPU.ActiveCfg = Release|Any CPU
		{588D6F42-2FBF-4C66-AB2C-8AABDF99FF56}.Release|Any CPU.Build.0 = Release|Any CPU
	EndGlobalSection
	GlobalSection(SolutionProperties) = preSolution
		HideSolutionNode = FALSE
	EndGlobalSection
	GlobalSection(ExtensibilityGlobals) = postSolution
		SolutionGuid = {D4D6D6E9-F6BA-49C2-B36F-0463C35F596C}
	EndGlobalSection
EndGlobal
